
Microsoft Visual Studio Solution File, Format Version 12.00
# Visual Studio Version 17
VisualStudioVersion = 17.8.34511.84
MinimumVisualStudioVersion = 10.0.40219.1
Project("{FAE04EC0-301F-11D3-BF4B-00C04F79EFBC}") = "事件之观察者设计模式的实现", "事件之观察者设计模式的实现\事件之观察者设计模式的实现.csproj", "{EDAA8052-65EE-4641-8D04-CC18D874DF0D}"
EndProject
Global
	GlobalSection(SolutionConfigurationPlatforms) = preSolution
		Debug|Any CPU = Debug|Any CPU
		Release|Any CPU = Release|Any CPU
	EndGlobalSection
	GlobalSection(ProjectConfigurationPlatforms) = postSolution
		{EDAA8052-65EE-4641-8D04-CC18D874DF0D}.Debug|Any CPU.ActiveCfg = Debug|Any CPU
		{EDAA8052-65EE-4641-8D04-CC18D874DF0D}.Debug|Any CPU.Build.0 = Debug|Any CPU
		{EDAA8052-65EE-4641-8D04-CC18D874DF0D}.Release|Any CPU.ActiveCfg = Release|Any CPU
		{EDAA8052-65EE-4641-8D04-CC18D874DF0D}.Release|Any CPU.Build.0 = Release|Any CPU
	EndGlobalSection
	GlobalSection(SolutionProperties) = preSolution
		HideSolutionNode = FALSE
	EndGlobalSection
	GlobalSection(ExtensibilityGlobals) = postSolution
		SolutionGuid = {4B52C928-9537-4474-BD77-14D6C8AB853E}
	EndGlobalSection
EndGlobal
