
Microsoft Visual Studio Solution File, Format Version 12.00
# Visual Studio Version 17
VisualStudioVersion = 17.8.34511.84
MinimumVisualStudioVersion = 10.0.40219.1
Project("{FAE04EC0-301F-11D3-BF4B-00C04F79EFBC}") = "MyLists的自实现", "MyLists的自实现\MyLists的自实现.csproj", "{DB2C1348-F007-4BC2-B2AB-EDC3C6E36FAD}"
EndProject
Global
	GlobalSection(SolutionConfigurationPlatforms) = preSolution
		Debug|Any CPU = Debug|Any CPU
		Release|Any CPU = Release|Any CPU
	EndGlobalSection
	GlobalSection(ProjectConfigurationPlatforms) = postSolution
		{DB2C1348-F007-4BC2-B2AB-EDC3C6E36FAD}.Debug|Any CPU.ActiveCfg = Debug|Any CPU
		{DB2C1348-F007-4BC2-B2AB-EDC3C6E36FAD}.Debug|Any CPU.Build.0 = Debug|Any CPU
		{DB2C1348-F007-4BC2-B2AB-EDC3C6E36FAD}.Release|Any CPU.ActiveCfg = Release|Any CPU
		{DB2C1348-F007-4BC2-B2AB-EDC3C6E36FAD}.Release|Any CPU.Build.0 = Release|Any CPU
	EndGlobalSection
	GlobalSection(SolutionProperties) = preSolution
		HideSolutionNode = FALSE
	EndGlobalSection
	GlobalSection(ExtensibilityGlobals) = postSolution
		SolutionGuid = {416210FB-C933-466E-AF09-39149BE10BCB}
	EndGlobalSection
EndGlobal
